
Microsoft Visual Studio Solution File, Format Version 12.00
# Visual Studio Version 17
VisualStudioVersion = 17.4.33403.182
MinimumVisualStudioVersion = 10.0.40219.1
Project("{2150E333-8FDC-42A3-9474-1A3956D46DE8}") = "Core", "Core", "{BEFAAA1C-C994-45B1-B9F5-27047D5BE15B}"
EndProject
Project("{2150E333-8FDC-42A3-9474-1A3956D46DE8}") = "Tool", "Tool", "{ADAE193C-E34A-46DE-851C-0051849BF32A}"
EndProject
Project("{FAE04EC0-301F-11D3-BF4B-00C04F79EFBC}") = "CreateConfig", "ConfigurationTool\CreateConfig\CreateConfig.csproj", "{F8D72484-8E3F-4E02-8E0A-1BDFA6F7099E}"
EndProject
Project("{FAE04EC0-301F-11D3-BF4B-00C04F79EFBC}") = "PlasticGUI", "src\GUI\PlasticGUI.csproj", "{F856DBE4-EED1-4F71-BEFB-CFC77870D393}"
EndProject
Project("{FAE04EC0-301F-11D3-BF4B-00C04F79EFBC}") = "MemoryTester", "ConfigurationTool\MemoryTester\MemoryTester.csproj", "{AC2F5432-BCE1-4A15-90E2-775BC6A47E67}"
EndProject
Project("{FAE04EC0-301F-11D3-BF4B-00C04F79EFBC}") = "RSACommon", "ConfigurationTool\RSACommon\RSACommon\RSACommon.csproj", "{AA7764F7-D3A9-42FD-9EEF-0AB1424B14E8}"
EndProject
Project("{FAE04EC0-301F-11D3-BF4B-00C04F79EFBC}") = "PPAUtils", "PPAUtils\PPAUtils.csproj", "{679C6923-E8B9-4CFF-869E-FFF1C6022CCB}"
EndProject
Project("{FAE04EC0-301F-11D3-BF4B-00C04F79EFBC}") = "MySqlDB", "MySqlDB\MySqlDB.csproj", "{CC52EACA-EA35-4288-986F-D577C9E42AF2}"
EndProject
Project("{FAE04EC0-301F-11D3-BF4B-00C04F79EFBC}") = "RSAFile", "ConfigurationTool\RSAFile\RSAFile\RSAFile.csproj", "{1BB88A69-DB2F-4798-8719-CE5F2B8F8BBA}"
EndProject
Project("{FAE04EC0-301F-11D3-BF4B-00C04F79EFBC}") = "RSAPoints", "ConfigurationTool\RSAPoints\RSAPoints\RSAPoints.csproj", "{BA650F53-8DC8-43AF-BE28-1068F12BF005}"
EndProject
Project("{FAE04EC0-301F-11D3-BF4B-00C04F79EFBC}") = "CreateRobotMemory", "ConfigurationTool\CreateRobotMemory\CreateRobotMemory.csproj", "{FF45EFCB-6DB1-4641-8F13-07EF8CD23620}"
EndProject
Project("{FAE04EC0-301F-11D3-BF4B-00C04F79EFBC}") = "DiagnosticToolbox", "ConfigurationTool\DiagnosticToolbox\DiagnosticToolbox.csproj", "{CE226DDB-318D-4751-8306-30C2D9560482}"
EndProject
Project("{FAE04EC0-301F-11D3-BF4B-00C04F79EFBC}") = "RSAInterface", "ConfigurationTool\RSAInterface\RSAInterface\RSAInterface.csproj", "{7C1A9073-C280-4670-BC54-258EBCE48BF0}"
EndProject
Global
	GlobalSection(SolutionConfigurationPlatforms) = preSolution
		Debug|Any CPU = Debug|Any CPU
		Debug|ARM64 = Debug|ARM64
		Debug|x64 = Debug|x64
		Debug|x86 = Debug|x86
		Release|Any CPU = Release|Any CPU
		Release|ARM64 = Release|ARM64
		Release|x64 = Release|x64
		Release|x86 = Release|x86
	EndGlobalSection
	GlobalSection(ProjectConfigurationPlatforms) = postSolution
		{F8D72484-8E3F-4E02-8E0A-1BDFA6F7099E}.Debug|Any CPU.ActiveCfg = Debug|Any CPU
		{F8D72484-8E3F-4E02-8E0A-1BDFA6F7099E}.Debug|Any CPU.Build.0 = Debug|Any CPU
		{F8D72484-8E3F-4E02-8E0A-1BDFA6F7099E}.Debug|ARM64.ActiveCfg = Debug|Any CPU
		{F8D72484-8E3F-4E02-8E0A-1BDFA6F7099E}.Debug|ARM64.Build.0 = Debug|Any CPU
		{F8D72484-8E3F-4E02-8E0A-1BDFA6F7099E}.Debug|x64.ActiveCfg = Debug|Any CPU
		{F8D72484-8E3F-4E02-8E0A-1BDFA6F7099E}.Debug|x64.Build.0 = Debug|Any CPU
		{F8D72484-8E3F-4E02-8E0A-1BDFA6F7099E}.Debug|x86.ActiveCfg = Debug|Any CPU
		{F8D72484-8E3F-4E02-8E0A-1BDFA6F7099E}.Debug|x86.Build.0 = Debug|Any CPU
		{F8D72484-8E3F-4E02-8E0A-1BDFA6F7099E}.Release|Any CPU.ActiveCfg = Release|Any CPU
		{F8D72484-8E3F-4E02-8E0A-1BDFA6F7099E}.Release|Any CPU.Build.0 = Release|Any CPU
		{F8D72484-8E3F-4E02-8E0A-1BDFA6F7099E}.Release|ARM64.ActiveCfg = Release|Any CPU
		{F8D72484-8E3F-4E02-8E0A-1BDFA6F7099E}.Release|ARM64.Build.0 = Release|Any CPU
		{F8D72484-8E3F-4E02-8E0A-1BDFA6F7099E}.Release|x64.ActiveCfg = Release|Any CPU
		{F8D72484-8E3F-4E02-8E0A-1BDFA6F7099E}.Release|x64.Build.0 = Release|Any CPU
		{F8D72484-8E3F-4E02-8E0A-1BDFA6F7099E}.Release|x86.ActiveCfg = Release|Any CPU
		{F8D72484-8E3F-4E02-8E0A-1BDFA6F7099E}.Release|x86.Build.0 = Release|Any CPU
		{F856DBE4-EED1-4F71-BEFB-CFC77870D393}.Debug|Any CPU.ActiveCfg = Debug|Any CPU
		{F856DBE4-EED1-4F71-BEFB-CFC77870D393}.Debug|Any CPU.Build.0 = Debug|Any CPU
		{F856DBE4-EED1-4F71-BEFB-CFC77870D393}.Debug|ARM64.ActiveCfg = Debug|Any CPU
		{F856DBE4-EED1-4F71-BEFB-CFC77870D393}.Debug|ARM64.Build.0 = Debug|Any CPU
		{F856DBE4-EED1-4F71-BEFB-CFC77870D393}.Debug|x64.ActiveCfg = Debug|Any CPU
		{F856DBE4-EED1-4F71-BEFB-CFC77870D393}.Debug|x64.Build.0 = Debug|Any CPU
		{F856DBE4-EED1-4F71-BEFB-CFC77870D393}.Debug|x86.ActiveCfg = Debug|x86
		{F856DBE4-EED1-4F71-BEFB-CFC77870D393}.Debug|x86.Build.0 = Debug|x86
		{F856DBE4-EED1-4F71-BEFB-CFC77870D393}.Release|Any CPU.ActiveCfg = Release|Any CPU
		{F856DBE4-EED1-4F71-BEFB-CFC77870D393}.Release|Any CPU.Build.0 = Release|Any CPU
		{F856DBE4-EED1-4F71-BEFB-CFC77870D393}.Release|ARM64.ActiveCfg = Release|Any CPU
		{F856DBE4-EED1-4F71-BEFB-CFC77870D393}.Release|ARM64.Build.0 = Release|Any CPU
		{F856DBE4-EED1-4F71-BEFB-CFC77870D393}.Release|x64.ActiveCfg = Release|Any CPU
		{F856DBE4-EED1-4F71-BEFB-CFC77870D393}.Release|x64.Build.0 = Release|Any CPU
		{F856DBE4-EED1-4F71-BEFB-CFC77870D393}.Release|x86.ActiveCfg = Release|x86
		{F856DBE4-EED1-4F71-BEFB-CFC77870D393}.Release|x86.Build.0 = Release|x86
		{AC2F5432-BCE1-4A15-90E2-775BC6A47E67}.Debug|Any CPU.ActiveCfg = Debug|Any CPU
		{AC2F5432-BCE1-4A15-90E2-775BC6A47E67}.Debug|Any CPU.Build.0 = Debug|Any CPU
		{AC2F5432-BCE1-4A15-90E2-775BC6A47E67}.Debug|ARM64.ActiveCfg = Debug|Any CPU
		{AC2F5432-BCE1-4A15-90E2-775BC6A47E67}.Debug|ARM64.Build.0 = Debug|Any CPU
		{AC2F5432-BCE1-4A15-90E2-775BC6A47E67}.Debug|x64.ActiveCfg = Debug|Any CPU
		{AC2F5432-BCE1-4A15-90E2-775BC6A47E67}.Debug|x64.Build.0 = Debug|Any CPU
		{AC2F5432-BCE1-4A15-90E2-775BC6A47E67}.Debug|x86.ActiveCfg = Debug|Any CPU
		{AC2F5432-BCE1-4A15-90E2-775BC6A47E67}.Debug|x86.Build.0 = Debug|Any CPU
		{AC2F5432-BCE1-4A15-90E2-775BC6A47E67}.Release|Any CPU.ActiveCfg = Release|Any CPU
		{AC2F5432-BCE1-4A15-90E2-775BC6A47E67}.Release|Any CPU.Build.0 = Release|Any CPU
		{AC2F5432-BCE1-4A15-90E2-775BC6A47E67}.Release|ARM64.ActiveCfg = Release|Any CPU
		{AC2F5432-BCE1-4A15-90E2-775BC6A47E67}.Release|ARM64.Build.0 = Release|Any CPU
		{AC2F5432-BCE1-4A15-90E2-775BC6A47E67}.Release|x64.ActiveCfg = Release|x64
		{AC2F5432-BCE1-4A15-90E2-775BC6A47E67}.Release|x64.Build.0 = Release|x64
		{AC2F5432-BCE1-4A15-90E2-775BC6A47E67}.Release|x86.ActiveCfg = Release|Any CPU
		{AC2F5432-BCE1-4A15-90E2-775BC6A47E67}.Release|x86.Build.0 = Release|Any CPU
		{AA7764F7-D3A9-42FD-9EEF-0AB1424B14E8}.Debug|Any CPU.ActiveCfg = Debug|Any CPU
		{AA7764F7-D3A9-42FD-9EEF-0AB1424B14E8}.Debug|Any CPU.Build.0 = Debug|Any CPU
		{AA7764F7-D3A9-42FD-9EEF-0AB1424B14E8}.Debug|ARM64.ActiveCfg = Debug|Any CPU
		{AA7764F7-D3A9-42FD-9EEF-0AB1424B14E8}.Debug|ARM64.Build.0 = Debug|Any CPU
		{AA7764F7-D3A9-42FD-9EEF-0AB1424B14E8}.Debug|x64.ActiveCfg = Debug|x64
		{AA7764F7-D3A9-42FD-9EEF-0AB1424B14E8}.Debug|x64.Build.0 = Debug|x64
		{AA7764F7-D3A9-42FD-9EEF-0AB1424B14E8}.Debug|x86.ActiveCfg = Debug|Any CPU
		{AA7764F7-D3A9-42FD-9EEF-0AB1424B14E8}.Debug|x86.Build.0 = Debug|Any CPU
		{AA7764F7-D3A9-42FD-9EEF-0AB1424B14E8}.Release|Any CPU.ActiveCfg = Release|Any CPU
		{AA7764F7-D3A9-42FD-9EEF-0AB1424B14E8}.Release|Any CPU.Build.0 = Release|Any CPU
		{AA7764F7-D3A9-42FD-9EEF-0AB1424B14E8}.Release|ARM64.ActiveCfg = Release|Any CPU
		{AA7764F7-D3A9-42FD-9EEF-0AB1424B14E8}.Release|ARM64.Build.0 = Release|Any CPU
		{AA7764F7-D3A9-42FD-9EEF-0AB1424B14E8}.Release|x64.ActiveCfg = Release|x64
		{AA7764F7-D3A9-42FD-9EEF-0AB1424B14E8}.Release|x64.Build.0 = Release|x64
		{AA7764F7-D3A9-42FD-9EEF-0AB1424B14E8}.Release|x86.ActiveCfg = Release|Any CPU
		{AA7764F7-D3A9-42FD-9EEF-0AB1424B14E8}.Release|x86.Build.0 = Release|Any CPU
		{679C6923-E8B9-4CFF-869E-FFF1C6022CCB}.Debug|Any CPU.ActiveCfg = Debug|Any CPU
		{679C6923-E8B9-4CFF-869E-FFF1C6022CCB}.Debug|Any CPU.Build.0 = Debug|Any CPU
		{679C6923-E8B9-4CFF-869E-FFF1C6022CCB}.Debug|ARM64.ActiveCfg = Debug|Any CPU
		{679C6923-E8B9-4CFF-869E-FFF1C6022CCB}.Debug|ARM64.Build.0 = Debug|Any CPU
		{679C6923-E8B9-4CFF-869E-FFF1C6022CCB}.Debug|x64.ActiveCfg = Debug|Any CPU
		{679C6923-E8B9-4CFF-869E-FFF1C6022CCB}.Debug|x64.Build.0 = Debug|Any CPU
		{679C6923-E8B9-4CFF-869E-FFF1C6022CCB}.Debug|x86.ActiveCfg = Debug|Any CPU
		{679C6923-E8B9-4CFF-869E-FFF1C6022CCB}.Debug|x86.Build.0 = Debug|Any CPU
		{679C6923-E8B9-4CFF-869E-FFF1C6022CCB}.Release|Any CPU.ActiveCfg = Release|Any CPU
		{679C6923-E8B9-4CFF-869E-FFF1C6022CCB}.Release|Any CPU.Build.0 = Release|Any CPU
		{679C6923-E8B9-4CFF-869E-FFF1C6022CCB}.Release|ARM64.ActiveCfg = Release|Any CPU
		{679C6923-E8B9-4CFF-869E-FFF1C6022CCB}.Release|ARM64.Build.0 = Release|Any CPU
		{679C6923-E8B9-4CFF-869E-FFF1C6022CCB}.Release|x64.ActiveCfg = Release|Any CPU
		{679C6923-E8B9-4CFF-869E-FFF1C6022CCB}.Release|x64.Build.0 = Release|Any CPU
		{679C6923-E8B9-4CFF-869E-FFF1C6022CCB}.Release|x86.ActiveCfg = Release|Any CPU
		{679C6923-E8B9-4CFF-869E-FFF1C6022CCB}.Release|x86.Build.0 = Release|Any CPU
		{CC52EACA-EA35-4288-986F-D577C9E42AF2}.Debug|Any CPU.ActiveCfg = Debug|Any CPU
		{CC52EACA-EA35-4288-986F-D577C9E42AF2}.Debug|Any CPU.Build.0 = Debug|Any CPU
		{CC52EACA-EA35-4288-986F-D577C9E42AF2}.Debug|ARM64.ActiveCfg = Debug|Any CPU
		{CC52EACA-EA35-4288-986F-D577C9E42AF2}.Debug|ARM64.Build.0 = Debug|Any CPU
		{CC52EACA-EA35-4288-986F-D577C9E42AF2}.Debug|x64.ActiveCfg = Debug|Any CPU
		{CC52EACA-EA35-4288-986F-D577C9E42AF2}.Debug|x64.Build.0 = Debug|Any CPU
		{CC52EACA-EA35-4288-986F-D577C9E42AF2}.Debug|x86.ActiveCfg = Debug|Any CPU
		{CC52EACA-EA35-4288-986F-D577C9E42AF2}.Debug|x86.Build.0 = Debug|Any CPU
		{CC52EACA-EA35-4288-986F-D577C9E42AF2}.Release|Any CPU.ActiveCfg = Release|Any CPU
		{CC52EACA-EA35-4288-986F-D577C9E42AF2}.Release|Any CPU.Build.0 = Release|Any CPU
		{CC52EACA-EA35-4288-986F-D577C9E42AF2}.Release|ARM64.ActiveCfg = Release|Any CPU
		{CC52EACA-EA35-4288-986F-D577C9E42AF2}.Release|ARM64.Build.0 = Release|Any CPU
		{CC52EACA-EA35-4288-986F-D577C9E42AF2}.Release|x64.ActiveCfg = Release|Any CPU
		{CC52EACA-EA35-4288-986F-D577C9E42AF2}.Release|x64.Build.0 = Release|Any CPU
		{CC52EACA-EA35-4288-986F-D577C9E42AF2}.Release|x86.ActiveCfg = Release|Any CPU
		{CC52EACA-EA35-4288-986F-D577C9E42AF2}.Release|x86.Build.0 = Release|Any CPU
		{1BB88A69-DB2F-4798-8719-CE5F2B8F8BBA}.Debug|Any CPU.ActiveCfg = Debug|Any CPU
		{1BB88A69-DB2F-4798-8719-CE5F2B8F8BBA}.Debug|Any CPU.Build.0 = Debug|Any CPU
		{1BB88A69-DB2F-4798-8719-CE5F2B8F8BBA}.Debug|ARM64.ActiveCfg = Debug|Any CPU
		{1BB88A69-DB2F-4798-8719-CE5F2B8F8BBA}.Debug|ARM64.Build.0 = Debug|Any CPU
		{1BB88A69-DB2F-4798-8719-CE5F2B8F8BBA}.Debug|x64.ActiveCfg = Debug|Any CPU
		{1BB88A69-DB2F-4798-8719-CE5F2B8F8BBA}.Debug|x64.Build.0 = Debug|Any CPU
		{1BB88A69-DB2F-4798-8719-CE5F2B8F8BBA}.Debug|x86.ActiveCfg = Debug|Any CPU
		{1BB88A69-DB2F-4798-8719-CE5F2B8F8BBA}.Debug|x86.Build.0 = Debug|Any CPU
		{1BB88A69-DB2F-4798-8719-CE5F2B8F8BBA}.Release|Any CPU.ActiveCfg = Release|Any CPU
		{1BB88A69-DB2F-4798-8719-CE5F2B8F8BBA}.Release|Any CPU.Build.0 = Release|Any CPU
		{1BB88A69-DB2F-4798-8719-CE5F2B8F8BBA}.Release|ARM64.ActiveCfg = Release|Any CPU
		{1BB88A69-DB2F-4798-8719-CE5F2B8F8BBA}.Release|ARM64.Build.0 = Release|Any CPU
		{1BB88A69-DB2F-4798-8719-CE5F2B8F8BBA}.Release|x64.ActiveCfg = Release|Any CPU
		{1BB88A69-DB2F-4798-8719-CE5F2B8F8BBA}.Release|x64.Build.0 = Release|Any CPU
		{1BB88A69-DB2F-4798-8719-CE5F2B8F8BBA}.Release|x86.ActiveCfg = Release|Any CPU
		{1BB88A69-DB2F-4798-8719-CE5F2B8F8BBA}.Release|x86.Build.0 = Release|Any CPU
		{BA650F53-8DC8-43AF-BE28-1068F12BF005}.Debug|Any CPU.ActiveCfg = Debug|Any CPU
		{BA650F53-8DC8-43AF-BE28-1068F12BF005}.Debug|Any CPU.Build.0 = Debug|Any CPU
		{BA650F53-8DC8-43AF-BE28-1068F12BF005}.Debug|ARM64.ActiveCfg = Debug|Any CPU
		{BA650F53-8DC8-43AF-BE28-1068F12BF005}.Debug|ARM64.Build.0 = Debug|Any CPU
		{BA650F53-8DC8-43AF-BE28-1068F12BF005}.Debug|x64.ActiveCfg = Debug|Any CPU
		{BA650F53-8DC8-43AF-BE28-1068F12BF005}.Debug|x64.Build.0 = Debug|Any CPU
		{BA650F53-8DC8-43AF-BE28-1068F12BF005}.Debug|x86.ActiveCfg = Debug|Any CPU
		{BA650F53-8DC8-43AF-BE28-1068F12BF005}.Debug|x86.Build.0 = Debug|Any CPU
		{BA650F53-8DC8-43AF-BE28-1068F12BF005}.Release|Any CPU.ActiveCfg = Release|Any CPU
		{BA650F53-8DC8-43AF-BE28-1068F12BF005}.Release|Any CPU.Build.0 = Release|Any CPU
		{BA650F53-8DC8-43AF-BE28-1068F12BF005}.Release|ARM64.ActiveCfg = Release|Any CPU
		{BA650F53-8DC8-43AF-BE28-1068F12BF005}.Release|ARM64.Build.0 = Release|Any CPU
		{BA650F53-8DC8-43AF-BE28-1068F12BF005}.Release|x64.ActiveCfg = Release|Any CPU
		{BA650F53-8DC8-43AF-BE28-1068F12BF005}.Release|x64.Build.0 = Release|Any CPU
		{BA650F53-8DC8-43AF-BE28-1068F12BF005}.Release|x86.ActiveCfg = Release|Any CPU
		{BA650F53-8DC8-43AF-BE28-1068F12BF005}.Release|x86.Build.0 = Release|Any CPU
		{FF45EFCB-6DB1-4641-8F13-07EF8CD23620}.Debug|Any CPU.ActiveCfg = Debug|Any CPU
		{FF45EFCB-6DB1-4641-8F13-07EF8CD23620}.Debug|Any CPU.Build.0 = Debug|Any CPU
		{FF45EFCB-6DB1-4641-8F13-07EF8CD23620}.Debug|ARM64.ActiveCfg = Debug|Any CPU
		{FF45EFCB-6DB1-4641-8F13-07EF8CD23620}.Debug|ARM64.Build.0 = Debug|Any CPU
		{FF45EFCB-6DB1-4641-8F13-07EF8CD23620}.Debug|x64.ActiveCfg = Debug|x64
		{FF45EFCB-6DB1-4641-8F13-07EF8CD23620}.Debug|x64.Build.0 = Debug|x64
		{FF45EFCB-6DB1-4641-8F13-07EF8CD23620}.Debug|x86.ActiveCfg = Debug|Any CPU
		{FF45EFCB-6DB1-4641-8F13-07EF8CD23620}.Debug|x86.Build.0 = Debug|Any CPU
		{FF45EFCB-6DB1-4641-8F13-07EF8CD23620}.Release|Any CPU.ActiveCfg = Release|Any CPU
		{FF45EFCB-6DB1-4641-8F13-07EF8CD23620}.Release|Any CPU.Build.0 = Release|Any CPU
		{FF45EFCB-6DB1-4641-8F13-07EF8CD23620}.Release|ARM64.ActiveCfg = Release|Any CPU
		{FF45EFCB-6DB1-4641-8F13-07EF8CD23620}.Release|ARM64.Build.0 = Release|Any CPU
		{FF45EFCB-6DB1-4641-8F13-07EF8CD23620}.Release|x64.ActiveCfg = Release|x64
		{FF45EFCB-6DB1-4641-8F13-07EF8CD23620}.Release|x64.Build.0 = Release|x64
		{FF45EFCB-6DB1-4641-8F13-07EF8CD23620}.Release|x86.ActiveCfg = Release|Any CPU
		{FF45EFCB-6DB1-4641-8F13-07EF8CD23620}.Release|x86.Build.0 = Release|Any CPU
		{CE226DDB-318D-4751-8306-30C2D9560482}.Debug|Any CPU.ActiveCfg = Debug|Any CPU
		{CE226DDB-318D-4751-8306-30C2D9560482}.Debug|Any CPU.Build.0 = Debug|Any CPU
		{CE226DDB-318D-4751-8306-30C2D9560482}.Debug|ARM64.ActiveCfg = Debug|Any CPU
		{CE226DDB-318D-4751-8306-30C2D9560482}.Debug|ARM64.Build.0 = Debug|Any CPU
		{CE226DDB-318D-4751-8306-30C2D9560482}.Debug|x64.ActiveCfg = Debug|Any CPU
		{CE226DDB-318D-4751-8306-30C2D9560482}.Debug|x64.Build.0 = Debug|Any CPU
		{CE226DDB-318D-4751-8306-30C2D9560482}.Debug|x86.ActiveCfg = Debug|Any CPU
		{CE226DDB-318D-4751-8306-30C2D9560482}.Debug|x86.Build.0 = Debug|Any CPU
		{CE226DDB-318D-4751-8306-30C2D9560482}.Release|Any CPU.ActiveCfg = Release|Any CPU
		{CE226DDB-318D-4751-8306-30C2D9560482}.Release|Any CPU.Build.0 = Release|Any CPU
		{CE226DDB-318D-4751-8306-30C2D9560482}.Release|ARM64.ActiveCfg = Release|Any CPU
		{CE226DDB-318D-4751-8306-30C2D9560482}.Release|ARM64.Build.0 = Release|Any CPU
		{CE226DDB-318D-4751-8306-30C2D9560482}.Release|x64.ActiveCfg = Release|Any CPU
		{CE226DDB-318D-4751-8306-30C2D9560482}.Release|x64.Build.0 = Release|Any CPU
		{CE226DDB-318D-4751-8306-30C2D9560482}.Release|x86.ActiveCfg = Release|Any CPU
		{CE226DDB-318D-4751-8306-30C2D9560482}.Release|x86.Build.0 = Release|Any CPU
		{7C1A9073-C280-4670-BC54-258EBCE48BF0}.Debug|Any CPU.ActiveCfg = Debug|Any CPU
		{7C1A9073-C280-4670-BC54-258EBCE48BF0}.Debug|Any CPU.Build.0 = Debug|Any CPU
		{7C1A9073-C280-4670-BC54-258EBCE48BF0}.Debug|ARM64.ActiveCfg = Debug|Any CPU
		{7C1A9073-C280-4670-BC54-258EBCE48BF0}.Debug|ARM64.Build.0 = Debug|Any CPU
		{7C1A9073-C280-4670-BC54-258EBCE48BF0}.Debug|x64.ActiveCfg = Debug|Any CPU
		{7C1A9073-C280-4670-BC54-258EBCE48BF0}.Debug|x64.Build.0 = Debug|Any CPU
		{7C1A9073-C280-4670-BC54-258EBCE48BF0}.Debug|x86.ActiveCfg = Debug|Any CPU
		{7C1A9073-C280-4670-BC54-258EBCE48BF0}.Debug|x86.Build.0 = Debug|Any CPU
		{7C1A9073-C280-4670-BC54-258EBCE48BF0}.Release|Any CPU.ActiveCfg = Release|Any CPU
		{7C1A9073-C280-4670-BC54-258EBCE48BF0}.Release|Any CPU.Build.0 = Release|Any CPU
		{7C1A9073-C280-4670-BC54-258EBCE48BF0}.Release|ARM64.ActiveCfg = Release|Any CPU
		{7C1A9073-C280-4670-BC54-258EBCE48BF0}.Release|ARM64.Build.0 = Release|Any CPU
		{7C1A9073-C280-4670-BC54-258EBCE48BF0}.Release|x64.ActiveCfg = Release|Any CPU
		{7C1A9073-C280-4670-BC54-258EBCE48BF0}.Release|x64.Build.0 = Release|Any CPU
		{7C1A9073-C280-4670-BC54-258EBCE48BF0}.Release|x86.ActiveCfg = Release|Any CPU
		{7C1A9073-C280-4670-BC54-258EBCE48BF0}.Release|x86.Build.0 = Release|Any CPU
	EndGlobalSection
	GlobalSection(SolutionProperties) = preSolution
		HideSolutionNode = FALSE
	EndGlobalSection
	GlobalSection(NestedProjects) = preSolution
		{ADAE193C-E34A-46DE-851C-0051849BF32A} = {BEFAAA1C-C994-45B1-B9F5-27047D5BE15B}
		{F8D72484-8E3F-4E02-8E0A-1BDFA6F7099E} = {ADAE193C-E34A-46DE-851C-0051849BF32A}
		{AC2F5432-BCE1-4A15-90E2-775BC6A47E67} = {ADAE193C-E34A-46DE-851C-0051849BF32A}
		{AA7764F7-D3A9-42FD-9EEF-0AB1424B14E8} = {ADAE193C-E34A-46DE-851C-0051849BF32A}
		{1BB88A69-DB2F-4798-8719-CE5F2B8F8BBA} = {ADAE193C-E34A-46DE-851C-0051849BF32A}
		{BA650F53-8DC8-43AF-BE28-1068F12BF005} = {ADAE193C-E34A-46DE-851C-0051849BF32A}
		{FF45EFCB-6DB1-4641-8F13-07EF8CD23620} = {ADAE193C-E34A-46DE-851C-0051849BF32A}
		{CE226DDB-318D-4751-8306-30C2D9560482} = {ADAE193C-E34A-46DE-851C-0051849BF32A}
		{7C1A9073-C280-4670-BC54-258EBCE48BF0} = {ADAE193C-E34A-46DE-851C-0051849BF32A}
	EndGlobalSection
	GlobalSection(ExtensibilityGlobals) = postSolution
		SolutionGuid = {38D68E37-BD39-4503-9EFB-EE693CBB375E}
	EndGlobalSection
EndGlobal
